<?xml version="1.0" encoding="utf-8"?>
<Project ToolsVersion="4.0" xmlns="http://schemas.microsoft.com/developer/msbuild/2003">
  <ItemGroup>
    <Filter Include="Source Files">
      <UniqueIdentifier>{4FC737F1-C7A5-4376-A066-2A32D752A2FF}</UniqueIdentifier>
      <Extensions>cpp;c;cc;cxx;c++;cppm;ixx;def;odl;idl;hpj;bat;asm;asmx</Extensions>
    </Filter>
    <Filter Include="Header Files">
      <UniqueIdentifier>{93995380-89BD-4b04-88EB-625FBE52EBFB}</UniqueIdentifier>
      <Extensions>h;hh;hpp;hxx;h++;hm;inl;inc;ipp;xsd</Extensions>
    </Filter>
    <Filter Include="Resource Files">
      <UniqueIdentifier>{67DA6AB6-F800-4c08-8B7A-83BB121AAD01}</UniqueIdentifier>
      <Extensions>rc;ico;cur;bmp;dlg;rc2;rct;bin;rgs;gif;jpg;jpeg;jpe;resx;tiff;tif;png;wav;mfcribbon-ms</Extensions>
    </Filter>
  </ItemGroup>
  <ItemGroup>
    <ClCompile Include="src\main.cpp">
      <Filter>Source Files</Filter>
    </ClCompile>
    <ClCompile Include="src\arch\arch.cpp">
      <Filter>Source Files</Filter>
    </ClCompile>
    <ClCompile Include="src\slat\slat.cpp">
      <Filter>Source Files</Filter>
    </ClCompile>
    <ClCompile Include="src\memory_manager\memory_manager.cpp">
      <Filter>Source Files</Filter>
    </ClCompile>
    <ClCompile Include="src\crt\crt.cpp">
      <Filter>Source Files</Filter>
    </ClCompile>
    <ClCompile Include="src\hypercall\hypercall.cpp">
      <Filter>Source Files</Filter>
    </ClCompile>
    <ClCompile Include="src\memory_manager\heap_manager.cpp">
      <Filter>Source Files</Filter>
    </ClCompile>
    <ClCompile Include="src\logs\logs.cpp">
      <Filter>Source Files</Filter>
    </ClCompile>
    <ClCompile Include="src\apic\apic.cpp">
      <Filter>Source Files</Filter>
    </ClCompile>
    <ClCompile Include="src\interrupts\interrupts.cpp">
      <Filter>Source Files</Filter>
    </ClCompile>
    <ClCompile Include="src\memory_manager\memory_management.cpp">
      <Filter>Source Files</Filter>
    </ClCompile>
    <ClCompile Include="src\memory_manager\ntoskrnl_parser.cpp">
      <Filter>Source Files</Filter>
    </ClCompile>
    <ClCompile Include="src\cr3_cache\cr3_cache.cpp">
      <Filter>Source Files</Filter>
    </ClCompile>
  </ItemGroup>
  <ItemGroup>
    <ClInclude Include="ext\ia32-doc\ia32.hpp">
      <Filter>Header Files</Filter>
    </ClInclude>
    <ClInclude Include="src\arch\arch.h">
      <Filter>Header Files</Filter>
    </ClInclude>
    <ClInclude Include="src\slat\slat.h">
      <Filter>Header Files</Filter>
    </ClInclude>
    <ClInclude Include="src\structures\virtual_address.h">
      <Filter>Header Files</Filter>
    </ClInclude>
    <ClInclude Include="src\memory_manager\memory_manager.h">
      <Filter>Header Files</Filter>
    </ClInclude>
    <ClInclude Include="src\crt\crt.h">
      <Filter>Header Files</Filter>
    </ClInclude>
    <ClInclude Include="src\hypercall\hypercall.h">
      <Filter>Header Files</Filter>
    </ClInclude>
    <ClInclude Include="src\memory_manager\heap_manager.h">
      <Filter>Header Files</Filter>
    </ClInclude>
    <ClInclude Include="src\logs\logs.h">
      <Filter>Header Files</Filter>
    </ClInclude>
    <ClInclude Include="src\arch_config.h">
      <Filter>Header Files</Filter>
    </ClInclude>
    <ClInclude Include="src\apic\apic.h">
      <Filter>Header Files</Filter>
    </ClInclude>
    <ClInclude Include="src\apic\apic_def.h">
      <Filter>Header Files</Filter>
    </ClInclude>
    <ClInclude Include="src\apic\apic_intrin.h">
      <Filter>Header Files</Filter>
    </ClInclude>
    <ClInclude Include="src\interrupts\interrupts.h">
      <Filter>Header Files</Filter>
    </ClInclude>
    <ClInclude Include="src\arch\amd_def.h">
      <Filter>Header Files</Filter>
    </ClInclude>
    <ClInclude Include="src\core\definitions.h">
      <Filter>Header Files</Filter>
    </ClInclude>
    <ClInclude Include="src\core\virt_engine.h">
      <Filter>Header Files</Filter>
    </ClInclude>
    <ClInclude Include="src\memory\secure_heap.h">
      <Filter>Header Files</Filter>
    </ClInclude>
    <ClInclude Include="src\memory_manager\ntoskrnl_parser.h">
      <Filter>Header Files</Filter>
    </ClInclude>
    <ClInclude Include="src\memory_manager\memory_management.h">
      <Filter>Header Files</Filter>
    </ClInclude>
    <ClInclude Include="src\cr3_cache\cr3_cache.h">
      <Filter>Header Files</Filter>
    </ClInclude>
  </ItemGroup>
  <ItemGroup>
    <MASM Include="src\slat\slat_intel.asm">
      <Filter>Source Files</Filter>
    </MASM>
    <MASM Include="src\interrupts\interrupt_entry.asm">
      <Filter>Source Files</Filter>
    </MASM>
    <MASM Include="src\crt\chkstk.asm">
      <Filter>Source Files</Filter>
    </MASM>
  </ItemGroup>
</Project>